
Microsoft Visual Studio Solution File, Format Version 12.00
# Visual Studio Version 17
VisualStudioVersion = 17.11.35219.272
MinimumVisualStudioVersion = 10.0.40219.1
Project("{FAE04EC0-301F-11D3-BF4B-00C04F79EFBC}") = "AnimalSounds", "AnimalSOunds\AnimalSounds.csproj", "{F74B94DC-B23A-4D2E-B102-239BA7201CF7}"
EndProject
Global
	GlobalSection(SolutionConfigurationPlatforms) = preSolution
		Debug|Any CPU = Debug|Any CPU
		Release|Any CPU = Release|Any CPU
	EndGlobalSection
	GlobalSection(ProjectConfigurationPlatforms) = postSolution
		{F74B94DC-B23A-4D2E-B102-239BA7201CF7}.Debug|Any CPU.ActiveCfg = Debug|Any CPU
		{F74B94DC-B23A-4D2E-B102-239BA7201CF7}.Debug|Any CPU.Build.0 = Debug|Any CPU
		{F74B94DC-B23A-4D2E-B102-239BA7201CF7}.Release|Any CPU.ActiveCfg = Release|Any CPU
		{F74B94DC-B23A-4D2E-B102-239BA7201CF7}.Release|Any CPU.Build.0 = Release|Any CPU
	EndGlobalSection
	GlobalSection(SolutionProperties) = preSolution
		HideSolutionNode = FALSE
	EndGlobalSection
	GlobalSection(ExtensibilityGlobals) = postSolution
		SolutionGuid = {CE92ABA5-EE0B-4B85-AC3C-BBE6150A154B}
	EndGlobalSection
EndGlobal
